
Microsoft Visual Studio Solution File, Format Version 12.00
# Visual Studio Version 17
VisualStudioVersion = 17.1.32421.90
MinimumVisualStudioVersion = 10.0.40219.1
Project("{9A19103F-16F7-4668-BE54-9A1E7A4F7556}") = "GestionDePersonas.UI", "GestionDePersonas.UI\GestionDePersonas.UI.csproj", "{44D383BD-FCA2-4A13-89AA-62008EEF90E5}"
EndProject
Project("{E53339B2-1760-4266-BCC7-CA923CBCF16C}") = "docker-compose", "docker-compose.dcproj", "{C91A37DB-0611-4A5A-83EF-808412F5E61F}"
EndProject
Global
	GlobalSection(SolutionConfigurationPlatforms) = preSolution
		Debug|Any CPU = Debug|Any CPU
		Release|Any CPU = Release|Any CPU
	EndGlobalSection
	GlobalSection(ProjectConfigurationPlatforms) = postSolution
		{44D383BD-FCA2-4A13-89AA-62008EEF90E5}.Debug|Any CPU.ActiveCfg = Debug|Any CPU
		{44D383BD-FCA2-4A13-89AA-62008EEF90E5}.Debug|Any CPU.Build.0 = Debug|Any CPU
		{44D383BD-FCA2-4A13-89AA-62008EEF90E5}.Release|Any CPU.ActiveCfg = Release|Any CPU
		{44D383BD-FCA2-4A13-89AA-62008EEF90E5}.Release|Any CPU.Build.0 = Release|Any CPU
		{C91A37DB-0611-4A5A-83EF-808412F5E61F}.Debug|Any CPU.ActiveCfg = Debug|Any CPU
		{C91A37DB-0611-4A5A-83EF-808412F5E61F}.Debug|Any CPU.Build.0 = Debug|Any CPU
		{C91A37DB-0611-4A5A-83EF-808412F5E61F}.Release|Any CPU.ActiveCfg = Release|Any CPU
		{C91A37DB-0611-4A5A-83EF-808412F5E61F}.Release|Any CPU.Build.0 = Release|Any CPU
	EndGlobalSection
	GlobalSection(SolutionProperties) = preSolution
		HideSolutionNode = FALSE
	EndGlobalSection
	GlobalSection(ExtensibilityGlobals) = postSolution
		SolutionGuid = {EBEE15DD-7D45-4BBB-8404-6A77B1DF2EB9}
	EndGlobalSection
EndGlobal
